// !$*UTF8*$!
{
	archiveVersion = 1;
	classes = {
	};
	objectVersion = 56;
	objects = {

/* Begin PBXBuildFile section */
		DA402EF4292FDA080066EB01 /* AppDelegate.swift in Sources */ = {isa = PBXBuildFile; fileRef = DA402EF3292FDA080066EB01 /* AppDelegate.swift */; };
		DA402EF6292FDA080066EB01 /* SceneDelegate.swift in Sources */ = {isa = PBXBuildFile; fileRef = DA402EF5292FDA080066EB01 /* SceneDelegate.swift */; };
		DA402EF8292FDA080066EB01 /* HomeViewController.swift in Sources */ = {isa = PBXBuildFile; fileRef = DA402EF7292FDA080066EB01 /* HomeViewController.swift */; };
		DA402EFB292FDA080066EB01 /* Main.storyboard in Resources */ = {isa = PBXBuildFile; fileRef = DA402EF9292FDA080066EB01 /* Main.storyboard */; };
		DA402EFD292FDA080066EB01 /* Assets.xcassets in Resources */ = {isa = PBXBuildFile; fileRef = DA402EFC292FDA080066EB01 /* Assets.xcassets */; };
		DA402F00292FDA080066EB01 /* LaunchScreen.storyboard in Resources */ = {isa = PBXBuildFile; fileRef = DA402EFE292FDA080066EB01 /* LaunchScreen.storyboard */; };
		DA402F08292FDB230066EB01 /* ExploreViewController.swift in Sources */ = {isa = PBXBuildFile; fileRef = DA402F07292FDB220066EB01 /* ExploreViewController.swift */; };
		DA402F0A292FDB470066EB01 /* CameraViewController.swift in Sources */ = {isa = PBXBuildFile; fileRef = DA402F09292FDB470066EB01 /* CameraViewController.swift */; };
		DA402F0C292FDB630066EB01 /* NotificationsViewController.swift in Sources */ = {isa = PBXBuildFile; fileRef = DA402F0B292FDB630066EB01 /* NotificationsViewController.swift */; };
		DA402F0E292FDB700066EB01 /* ProfileViewController.swift in Sources */ = {isa = PBXBuildFile; fileRef = DA402F0D292FDB700066EB01 /* ProfileViewController.swift */; };
		DA402F13292FDBE80066EB01 /* LoginViewController.swift in Sources */ = {isa = PBXBuildFile; fileRef = DA402F12292FDBE70066EB01 /* LoginViewController.swift */; };
		DA402F15292FDBF20066EB01 /* RegisterViewController.swift in Sources */ = {isa = PBXBuildFile; fileRef = DA402F14292FDBF20066EB01 /* RegisterViewController.swift */; };
		DA402F17292FDC450066EB01 /* PostViewController.swift in Sources */ = {isa = PBXBuildFile; fileRef = DA402F16292FDC450066EB01 /* PostViewController.swift */; };
		DA402F19292FDC5C0066EB01 /* EditProfileViewController.swift in Sources */ = {isa = PBXBuildFile; fileRef = DA402F18292FDC5C0066EB01 /* EditProfileViewController.swift */; };
		DA402F1B292FDC6F0066EB01 /* SettingsViewController.swift in Sources */ = {isa = PBXBuildFile; fileRef = DA402F1A292FDC6F0066EB01 /* SettingsViewController.swift */; };
		DA402F1D292FDC8E0066EB01 /* ListViewController.swift in Sources */ = {isa = PBXBuildFile; fileRef = DA402F1C292FDC8E0066EB01 /* ListViewController.swift */; };
		DA402F1F292FDCA30066EB01 /* SearchViewController.swift in Sources */ = {isa = PBXBuildFile; fileRef = DA402F1E292FDCA30066EB01 /* SearchViewController.swift */; };
		DA402F21292FDCB80066EB01 /* SearchResultViewController.swift in Sources */ = {isa = PBXBuildFile; fileRef = DA402F20292FDCB80066EB01 /* SearchResultViewController.swift */; };
		DA402F24292FDCE70066EB01 /* PostEditorViewController.swift in Sources */ = {isa = PBXBuildFile; fileRef = DA402F23292FDCE70066EB01 /* PostEditorViewController.swift */; };
		DA402F26292FDD010066EB01 /* PublishPostViewController.swift in Sources */ = {isa = PBXBuildFile; fileRef = DA402F25292FDD010066EB01 /* PublishPostViewController.swift */; };
		DA402F29292FE3D50066EB01 /* FirebaseAuth in Frameworks */ = {isa = PBXBuildFile; productRef = DA402F28292FE3D50066EB01 /* FirebaseAuth */; };
		DA402F2B292FE3D50066EB01 /* FirebaseAuthCombine-Community in Frameworks */ = {isa = PBXBuildFile; productRef = DA402F2A292FE3D50066EB01 /* FirebaseAuthCombine-Community */; };
		DA402F2D292FE3D50066EB01 /* FirebaseCrashlytics in Frameworks */ = {isa = PBXBuildFile; productRef = DA402F2C292FE3D50066EB01 /* FirebaseCrashlytics */; };
		DA402F2F292FE3D50066EB01 /* FirebaseDatabase in Frameworks */ = {isa = PBXBuildFile; productRef = DA402F2E292FE3D50066EB01 /* FirebaseDatabase */; };
		DA402F31292FE3D50066EB01 /* FirebaseDatabaseSwift in Frameworks */ = {isa = PBXBuildFile; productRef = DA402F30292FE3D50066EB01 /* FirebaseDatabaseSwift */; };
		DA402F33292FE3D50066EB01 /* FirebaseFirestore in Frameworks */ = {isa = PBXBuildFile; productRef = DA402F32292FE3D50066EB01 /* FirebaseFirestore */; };
		DA402F35292FE3D50066EB01 /* FirebaseFirestoreCombine-Community in Frameworks */ = {isa = PBXBuildFile; productRef = DA402F34292FE3D50066EB01 /* FirebaseFirestoreCombine-Community */; };
		DA402F37292FE3D50066EB01 /* FirebaseFirestoreSwift in Frameworks */ = {isa = PBXBuildFile; productRef = DA402F36292FE3D50066EB01 /* FirebaseFirestoreSwift */; };
		DA402F39292FE3D50066EB01 /* FirebaseFunctions in Frameworks */ = {isa = PBXBuildFile; productRef = DA402F38292FE3D50066EB01 /* FirebaseFunctions */; };
		DA402F3B292FE3D50066EB01 /* FirebaseFunctionsCombine-Community in Frameworks */ = {isa = PBXBuildFile; productRef = DA402F3A292FE3D50066EB01 /* FirebaseFunctionsCombine-Community */; };
		DA402F3D292FE3D50066EB01 /* FirebaseStorage in Frameworks */ = {isa = PBXBuildFile; productRef = DA402F3C292FE3D50066EB01 /* FirebaseStorage */; };
		DA402F41292FE5B70066EB01 /* GoogleService-Info.plist in Resources */ = {isa = PBXBuildFile; fileRef = DA402F40292FE5B70066EB01 /* GoogleService-Info.plist */; };
		DA402F44292FE8B20066EB01 /* DatabaseManager.swift in Sources */ = {isa = PBXBuildFile; fileRef = DA402F43292FE8B20066EB01 /* DatabaseManager.swift */; };
		DA402F46292FE94B0066EB01 /* AuthManager.swift in Sources */ = {isa = PBXBuildFile; fileRef = DA402F45292FE94B0066EB01 /* AuthManager.swift */; };
		DA402F48292FE9B70066EB01 /* StorageManager.swift in Sources */ = {isa = PBXBuildFile; fileRef = DA402F47292FE9B70066EB01 /* StorageManager.swift */; };
/* End PBXBuildFile section */

/* Begin PBXFileReference section */
		DA402EF0292FDA080066EB01 /* Instagram.app */ = {isa = PBXFileReference; explicitFileType = wrapper.application; includeInIndex = 0; path = Instagram.app; sourceTree = BUILT_PRODUCTS_DIR; };
		DA402EF3292FDA080066EB01 /* AppDelegate.swift */ = {isa = PBXFileReference; lastKnownFileType = sourcecode.swift; path = AppDelegate.swift; sourceTree = "<group>"; };
		DA402EF5292FDA080066EB01 /* SceneDelegate.swift */ = {isa = PBXFileReference; lastKnownFileType = sourcecode.swift; path = SceneDelegate.swift; sourceTree = "<group>"; };
		DA402EF7292FDA080066EB01 /* HomeViewController.swift */ = {isa = PBXFileReference; lastKnownFileType = sourcecode.swift; path = HomeViewController.swift; sourceTree = "<group>"; };
		DA402EFA292FDA080066EB01 /* Base */ = {isa = PBXFileReference; lastKnownFileType = file.storyboard; name = Base; path = Base.lproj/Main.storyboard; sourceTree = "<group>"; };
		DA402EFC292FDA080066EB01 /* Assets.xcassets */ = {isa = PBXFileReference; lastKnownFileType = folder.assetcatalog; path = Assets.xcassets; sourceTree = "<group>"; };
		DA402EFF292FDA080066EB01 /* Base */ = {isa = PBXFileReference; lastKnownFileType = file.storyboard; name = Base; path = Base.lproj/LaunchScreen.storyboard; sourceTree = "<group>"; };
		DA402F01292FDA080066EB01 /* Info.plist */ = {isa = PBXFileReference; lastKnownFileType = text.plist.xml; path = Info.plist; sourceTree = "<group>"; };
		DA402F07292FDB220066EB01 /* ExploreViewController.swift */ = {isa = PBXFileReference; lastKnownFileType = sourcecode.swift; path = ExploreViewController.swift; sourceTree = "<group>"; };
		DA402F09292FDB470066EB01 /* CameraViewController.swift */ = {isa = PBXFileReference; lastKnownFileType = sourcecode.swift; path = CameraViewController.swift; sourceTree = "<group>"; };
		DA402F0B292FDB630066EB01 /* NotificationsViewController.swift */ = {isa = PBXFileReference; lastKnownFileType = sourcecode.swift; path = NotificationsViewController.swift; sourceTree = "<group>"; };
		DA402F0D292FDB700066EB01 /* ProfileViewController.swift */ = {isa = PBXFileReference; lastKnownFileType = sourcecode.swift; path = ProfileViewController.swift; sourceTree = "<group>"; };
		DA402F12292FDBE70066EB01 /* LoginViewController.swift */ = {isa = PBXFileReference; lastKnownFileType = sourcecode.swift; path = LoginViewController.swift; sourceTree = "<group>"; };
		DA402F14292FDBF20066EB01 /* RegisterViewController.swift */ = {isa = PBXFileReference; lastKnownFileType = sourcecode.swift; path = RegisterViewController.swift; sourceTree = "<group>"; };
		DA402F16292FDC450066EB01 /* PostViewController.swift */ = {isa = PBXFileReference; lastKnownFileType = sourcecode.swift; path = PostViewController.swift; sourceTree = "<group>"; };
		DA402F18292FDC5C0066EB01 /* EditProfileViewController.swift */ = {isa = PBXFileReference; lastKnownFileType = sourcecode.swift; path = EditProfileViewController.swift; sourceTree = "<group>"; };
		DA402F1A292FDC6F0066EB01 /* SettingsViewController.swift */ = {isa = PBXFileReference; lastKnownFileType = sourcecode.swift; path = SettingsViewController.swift; sourceTree = "<group>"; };
		DA402F1C292FDC8E0066EB01 /* ListViewController.swift */ = {isa = PBXFileReference; lastKnownFileType = sourcecode.swift; path = ListViewController.swift; sourceTree = "<group>"; };
		DA402F1E292FDCA30066EB01 /* SearchViewController.swift */ = {isa = PBXFileReference; lastKnownFileType = sourcecode.swift; path = SearchViewController.swift; sourceTree = "<group>"; };
		DA402F20292FDCB80066EB01 /* SearchResultViewController.swift */ = {isa = PBXFileReference; lastKnownFileType = sourcecode.swift; path = SearchResultViewController.swift; sourceTree = "<group>"; };
		DA402F23292FDCE70066EB01 /* PostEditorViewController.swift */ = {isa = PBXFileReference; lastKnownFileType = sourcecode.swift; path = PostEditorViewController.swift; sourceTree = "<group>"; };
		DA402F25292FDD010066EB01 /* PublishPostViewController.swift */ = {isa = PBXFileReference; lastKnownFileType = sourcecode.swift; path = PublishPostViewController.swift; sourceTree = "<group>"; };
		DA402F40292FE5B70066EB01 /* GoogleService-Info.plist */ = {isa = PBXFileReference; fileEncoding = 4; lastKnownFileType = text.plist.xml; path = "GoogleService-Info.plist"; sourceTree = "<group>"; };
		DA402F43292FE8B20066EB01 /* DatabaseManager.swift */ = {isa = PBXFileReference; lastKnownFileType = sourcecode.swift; path = DatabaseManager.swift; sourceTree = "<group>"; };
		DA402F45292FE94B0066EB01 /* AuthManager.swift */ = {isa = PBXFileReference; lastKnownFileType = sourcecode.swift; path = AuthManager.swift; sourceTree = "<group>"; };
		DA402F47292FE9B70066EB01 /* StorageManager.swift */ = {isa = PBXFileReference; lastKnownFileType = sourcecode.swift; path = StorageManager.swift; sourceTree = "<group>"; };
/* End PBXFileReference section */

/* Begin PBXFrameworksBuildPhase section */
		DA402EED292FDA080066EB01 /* Frameworks */ = {
			isa = PBXFrameworksBuildPhase;
			buildActionMask = 2147483647;
			files = (
				DA402F31292FE3D50066EB01 /* FirebaseDatabaseSwift in Frameworks */,
				DA402F2D292FE3D50066EB01 /* FirebaseCrashlytics in Frameworks */,
				DA402F29292FE3D50066EB01 /* FirebaseAuth in Frameworks */,
				DA402F3B292FE3D50066EB01 /* FirebaseFunctionsCombine-Community in Frameworks */,
				DA402F39292FE3D50066EB01 /* FirebaseFunctions in Frameworks */,
				DA402F2F292FE3D50066EB01 /* FirebaseDatabase in Frameworks */,
				DA402F2B292FE3D50066EB01 /* FirebaseAuthCombine-Community in Frameworks */,
				DA402F33292FE3D50066EB01 /* FirebaseFirestore in Frameworks */,
				DA402F3D292FE3D50066EB01 /* FirebaseStorage in Frameworks */,
				DA402F35292FE3D50066EB01 /* FirebaseFirestoreCombine-Community in Frameworks */,
				DA402F37292FE3D50066EB01 /* FirebaseFirestoreSwift in Frameworks */,
			);
			runOnlyForDeploymentPostprocessing = 0;
		};
/* End PBXFrameworksBuildPhase section */

/* Begin PBXGroup section */
		DA402EE7292FDA080066EB01 = {
			isa = PBXGroup;
			children = (
				DA402EF2292FDA080066EB01 /* Instagram */,
				DA402EF1292FDA080066EB01 /* Products */,
			);
			sourceTree = "<group>";
		};
		DA402EF1292FDA080066EB01 /* Products */ = {
			isa = PBXGroup;
			children = (
				DA402EF0292FDA080066EB01 /* Instagram.app */,
			);
			name = Products;
			sourceTree = "<group>";
		};
		DA402EF2292FDA080066EB01 /* Instagram */ = {
			isa = PBXGroup;
			children = (
				DA402F42292FE8A10066EB01 /* Services */,
				DA402F22292FDCC60066EB01 /* Models */,
				DA402F10292FDBD30066EB01 /* View */,
				DA402EF3292FDA080066EB01 /* AppDelegate.swift */,
				DA402EF5292FDA080066EB01 /* SceneDelegate.swift */,
				DA402EF9292FDA080066EB01 /* Main.storyboard */,
				DA402EFC292FDA080066EB01 /* Assets.xcassets */,
				DA402EFE292FDA080066EB01 /* LaunchScreen.storyboard */,
				DA402F01292FDA080066EB01 /* Info.plist */,
				DA402F40292FE5B70066EB01 /* GoogleService-Info.plist */,
			);
			path = Instagram;
			sourceTree = "<group>";
		};
		DA402F0F292FDBA20066EB01 /* CoreTabs */ = {
			isa = PBXGroup;
			children = (
				DA402EF7292FDA080066EB01 /* HomeViewController.swift */,
				DA402F07292FDB220066EB01 /* ExploreViewController.swift */,
				DA402F09292FDB470066EB01 /* CameraViewController.swift */,
				DA402F0B292FDB630066EB01 /* NotificationsViewController.swift */,
				DA402F0D292FDB700066EB01 /* ProfileViewController.swift */,
			);
			path = CoreTabs;
			sourceTree = "<group>";
		};
		DA402F10292FDBD30066EB01 /* View */ = {
			isa = PBXGroup;
			children = (
				DA402F0F292FDBA20066EB01 /* CoreTabs */,
				DA402F11292FDBDA0066EB01 /* Auth */,
				DA402F16292FDC450066EB01 /* PostViewController.swift */,
				DA402F18292FDC5C0066EB01 /* EditProfileViewController.swift */,
				DA402F1A292FDC6F0066EB01 /* SettingsViewController.swift */,
				DA402F1C292FDC8E0066EB01 /* ListViewController.swift */,
				DA402F1E292FDCA30066EB01 /* SearchViewController.swift */,
				DA402F20292FDCB80066EB01 /* SearchResultViewController.swift */,
				DA402F23292FDCE70066EB01 /* PostEditorViewController.swift */,
				DA402F25292FDD010066EB01 /* PublishPostViewController.swift */,
			);
			path = View;
			sourceTree = "<group>";
		};
		DA402F11292FDBDA0066EB01 /* Auth */ = {
			isa = PBXGroup;
			children = (
				DA402F12292FDBE70066EB01 /* LoginViewController.swift */,
				DA402F14292FDBF20066EB01 /* RegisterViewController.swift */,
			);
			path = Auth;
			sourceTree = "<group>";
		};
		DA402F22292FDCC60066EB01 /* Models */ = {
			isa = PBXGroup;
			children = (
			);
			path = Models;
			sourceTree = "<group>";
		};
		DA402F42292FE8A10066EB01 /* Services */ = {
			isa = PBXGroup;
			children = (
				DA402F43292FE8B20066EB01 /* DatabaseManager.swift */,
				DA402F45292FE94B0066EB01 /* AuthManager.swift */,
				DA402F47292FE9B70066EB01 /* StorageManager.swift */,
			);
			path = Services;
			sourceTree = "<group>";
		};
/* End PBXGroup section */

/* Begin PBXNativeTarget section */
		DA402EEF292FDA080066EB01 /* Instagram */ = {
			isa = PBXNativeTarget;
			buildConfigurationList = DA402F04292FDA080066EB01 /* Build configuration list for PBXNativeTarget "Instagram" */;
			buildPhases = (
				DA402EEC292FDA080066EB01 /* Sources */,
				DA402EED292FDA080066EB01 /* Frameworks */,
				DA402EEE292FDA080066EB01 /* Resources */,
			);
			buildRules = (
			);
			dependencies = (
			);
			name = Instagram;
			packageProductDependencies = (
				DA402F28292FE3D50066EB01 /* FirebaseAuth */,
				DA402F2A292FE3D50066EB01 /* FirebaseAuthCombine-Community */,
				DA402F2C292FE3D50066EB01 /* FirebaseCrashlytics */,
				DA402F2E292FE3D50066EB01 /* FirebaseDatabase */,
				DA402F30292FE3D50066EB01 /* FirebaseDatabaseSwift */,
				DA402F32292FE3D50066EB01 /* FirebaseFirestore */,
				DA402F34292FE3D50066EB01 /* FirebaseFirestoreCombine-Community */,
				DA402F36292FE3D50066EB01 /* FirebaseFirestoreSwift */,
				DA402F38292FE3D50066EB01 /* FirebaseFunctions */,
				DA402F3A292FE3D50066EB01 /* FirebaseFunctionsCombine-Community */,
				DA402F3C292FE3D50066EB01 /* FirebaseStorage */,
			);
			productName = Instagram;
			productReference = DA402EF0292FDA080066EB01 /* Instagram.app */;
			productType = "com.apple.product-type.application";
		};
/* End PBXNativeTarget section */

/* Begin PBXProject section */
		DA402EE8292FDA080066EB01 /* Project object */ = {
			isa = PBXProject;
			attributes = {
				BuildIndependentTargetsInParallel = 1;
				LastSwiftUpdateCheck = 1410;
				LastUpgradeCheck = 1410;
				TargetAttributes = {
					DA402EEF292FDA080066EB01 = {
						CreatedOnToolsVersion = 14.1;
					};
				};
			};
			buildConfigurationList = DA402EEB292FDA080066EB01 /* Build configuration list for PBXProject "Instagram" */;
			compatibilityVersion = "Xcode 14.0";
			developmentRegion = en;
			hasScannedForEncodings = 0;
			knownRegions = (
				en,
				Base,
			);
			mainGroup = DA402EE7292FDA080066EB01;
			packageReferences = (
				DA402F27292FE3D50066EB01 /* XCRemoteSwiftPackageReference "firebase-ios-sdk" */,
			);
			productRefGroup = DA402EF1292FDA080066EB01 /* Products */;
			projectDirPath = "";
			projectRoot = "";
			targets = (
				DA402EEF292FDA080066EB01 /* Instagram */,
			);
		};
/* End PBXProject section */

/* Begin PBXResourcesBuildPhase section */
		DA402EEE292FDA080066EB01 /* Resources */ = {
			isa = PBXResourcesBuildPhase;
			buildActionMask = 2147483647;
			files = (
				DA402F00292FDA080066EB01 /* LaunchScreen.storyboard in Resources */,
				DA402F41292FE5B70066EB01 /* GoogleService-Info.plist in Resources */,
				DA402EFD292FDA080066EB01 /* Assets.xcassets in Resources */,
				DA402EFB292FDA080066EB01 /* Main.storyboard in Resources */,
			);
			runOnlyForDeploymentPostprocessing = 0;
		};
/* End PBXResourcesBuildPhase section */

/* Begin PBXSourcesBuildPhase section */
		DA402EEC292FDA080066EB01 /* Sources */ = {
			isa = PBXSourcesBuildPhase;
			buildActionMask = 2147483647;
			files = (
				DA402F19292FDC5C0066EB01 /* EditProfileViewController.swift in Sources */,
				DA402F15292FDBF20066EB01 /* RegisterViewController.swift in Sources */,
				DA402F26292FDD010066EB01 /* PublishPostViewController.swift in Sources */,
				DA402F08292FDB230066EB01 /* ExploreViewController.swift in Sources */,
				DA402F0A292FDB470066EB01 /* CameraViewController.swift in Sources */,
				DA402EF8292FDA080066EB01 /* HomeViewController.swift in Sources */,
				DA402F24292FDCE70066EB01 /* PostEditorViewController.swift in Sources */,
				DA402F48292FE9B70066EB01 /* StorageManager.swift in Sources */,
				DA402F17292FDC450066EB01 /* PostViewController.swift in Sources */,
				DA402F44292FE8B20066EB01 /* DatabaseManager.swift in Sources */,
				DA402F0C292FDB630066EB01 /* NotificationsViewController.swift in Sources */,
				DA402F21292FDCB80066EB01 /* SearchResultViewController.swift in Sources */,
				DA402F13292FDBE80066EB01 /* LoginViewController.swift in Sources */,
				DA402F1F292FDCA30066EB01 /* SearchViewController.swift in Sources */,
				DA402F0E292FDB700066EB01 /* ProfileViewController.swift in Sources */,
				DA402F46292FE94B0066EB01 /* AuthManager.swift in Sources */,
				DA402EF4292FDA080066EB01 /* AppDelegate.swift in Sources */,
				DA402EF6292FDA080066EB01 /* SceneDelegate.swift in Sources */,
				DA402F1D292FDC8E0066EB01 /* ListViewController.swift in Sources */,
				DA402F1B292FDC6F0066EB01 /* SettingsViewController.swift in Sources */,
			);
			runOnlyForDeploymentPostprocessing = 0;
		};
/* End PBXSourcesBuildPhase section */

/* Begin PBXVariantGroup section */
		DA402EF9292FDA080066EB01 /* Main.storyboard */ = {
			isa = PBXVariantGroup;
			children = (
				DA402EFA292FDA080066EB01 /* Base */,
			);
			name = Main.storyboard;
			sourceTree = "<group>";
		};
		DA402EFE292FDA080066EB01 /* LaunchScreen.storyboard */ = {
			isa = PBXVariantGroup;
			children = (
				DA402EFF292FDA080066EB01 /* Base */,
			);
			name = LaunchScreen.storyboard;
			sourceTree = "<group>";
		};
/* End PBXVariantGroup section */

/* Begin XCBuildConfiguration section */
		DA402F02292FDA080066EB01 /* Debug */ = {
			isa = XCBuildConfiguration;
			buildSettings = {
				ALWAYS_SEARCH_USER_PATHS = NO;
				CLANG_ANALYZER_NONNULL = YES;
				CLANG_ANALYZER_NUMBER_OBJECT_CONVERSION = YES_AGGRESSIVE;
				CLANG_CXX_LANGUAGE_STANDARD = "gnu++20";
				CLANG_ENABLE_MODULES = YES;
				CLANG_ENABLE_OBJC_ARC = YES;
				CLANG_ENABLE_OBJC_WEAK = YES;
				CLANG_WARN_BLOCK_CAPTURE_AUTORELEASING = YES;
				CLANG_WARN_BOOL_CONVERSION = YES;
				CLANG_WARN_COMMA = YES;
				CLANG_WARN_CONSTANT_CONVERSION = YES;
				CLANG_WARN_DEPRECATED_OBJC_IMPLEMENTATIONS = YES;
				CLANG_WARN_DIRECT_OBJC_ISA_USAGE = YES_ERROR;
				CLANG_WARN_DOCUMENTATION_COMMENTS = YES;
				CLANG_WARN_EMPTY_BODY = YES;
				CLANG_WARN_ENUM_CONVERSION = YES;
				CLANG_WARN_INFINITE_RECURSION = YES;
				CLANG_WARN_INT_CONVERSION = YES;
				CLANG_WARN_NON_LITERAL_NULL_CONVERSION = YES;
				CLANG_WARN_OBJC_IMPLICIT_RETAIN_SELF = YES;
				CLANG_WARN_OBJC_LITERAL_CONVERSION = YES;
				CLANG_WARN_OBJC_ROOT_CLASS = YES_ERROR;
				CLANG_WARN_QUOTED_INCLUDE_IN_FRAMEWORK_HEADER = YES;
				CLANG_WARN_RANGE_LOOP_ANALYSIS = YES;
				CLANG_WARN_STRICT_PROTOTYPES = YES;
				CLANG_WARN_SUSPICIOUS_MOVE = YES;
				CLANG_WARN_UNGUARDED_AVAILABILITY = YES_AGGRESSIVE;
				CLANG_WARN_UNREACHABLE_CODE = YES;
				CLANG_WARN__DUPLICATE_METHOD_MATCH = YES;
				COPY_PHASE_STRIP = NO;
				DEBUG_INFORMATION_FORMAT = dwarf;
				ENABLE_STRICT_OBJC_MSGSEND = YES;
				ENABLE_TESTABILITY = YES;
				GCC_C_LANGUAGE_STANDARD = gnu11;
				GCC_DYNAMIC_NO_PIC = NO;
				GCC_NO_COMMON_BLOCKS = YES;
				GCC_OPTIMIZATION_LEVEL = 0;
				GCC_PREPROCESSOR_DEFINITIONS = (
					"DEBUG=1",
					"$(inherited)",
				);
				GCC_WARN_64_TO_32_BIT_CONVERSION = YES;
				GCC_WARN_ABOUT_RETURN_TYPE = YES_ERROR;
				GCC_WARN_UNDECLARED_SELECTOR = YES;
				GCC_WARN_UNINITIALIZED_AUTOS = YES_AGGRESSIVE;
				GCC_WARN_UNUSED_FUNCTION = YES;
				GCC_WARN_UNUSED_VARIABLE = YES;
				IPHONEOS_DEPLOYMENT_TARGET = 16.1;
				MTL_ENABLE_DEBUG_INFO = INCLUDE_SOURCE;
				MTL_FAST_MATH = YES;
				ONLY_ACTIVE_ARCH = YES;
				SDKROOT = iphoneos;
				SWIFT_ACTIVE_COMPILATION_CONDITIONS = DEBUG;
				SWIFT_OPTIMIZATION_LEVEL = "-Onone";
			};
			name = Debug;
		};
		DA402F03292FDA080066EB01 /* Release */ = {
			isa = XCBuildConfiguration;
			buildSettings = {
				ALWAYS_SEARCH_USER_PATHS = NO;
				CLANG_ANALYZER_NONNULL = YES;
				CLANG_ANALYZER_NUMBER_OBJECT_CONVERSION = YES_AGGRESSIVE;
				CLANG_CXX_LANGUAGE_STANDARD = "gnu++20";
				CLANG_ENABLE_MODULES = YES;
				CLANG_ENABLE_OBJC_ARC = YES;
				CLANG_ENABLE_OBJC_WEAK = YES;
				CLANG_WARN_BLOCK_CAPTURE_AUTORELEASING = YES;
				CLANG_WARN_BOOL_CONVERSION = YES;
				CLANG_WARN_COMMA = YES;
				CLANG_WARN_CONSTANT_CONVERSION = YES;
				CLANG_WARN_DEPRECATED_OBJC_IMPLEMENTATIONS = YES;
				CLANG_WARN_DIRECT_OBJC_ISA_USAGE = YES_ERROR;
				CLANG_WARN_DOCUMENTATION_COMMENTS = YES;
				CLANG_WARN_EMPTY_BODY = YES;
				CLANG_WARN_ENUM_CONVERSION = YES;
				CLANG_WARN_INFINITE_RECURSION = YES;
				CLANG_WARN_INT_CONVERSION = YES;
				CLANG_WARN_NON_LITERAL_NULL_CONVERSION = YES;
				CLANG_WARN_OBJC_IMPLICIT_RETAIN_SELF = YES;
				CLANG_WARN_OBJC_LITERAL_CONVERSION = YES;
				CLANG_WARN_OBJC_ROOT_CLASS = YES_ERROR;
				CLANG_WARN_QUOTED_INCLUDE_IN_FRAMEWORK_HEADER = YES;
				CLANG_WARN_RANGE_LOOP_ANALYSIS = YES;
				CLANG_WARN_STRICT_PROTOTYPES = YES;
				CLANG_WARN_SUSPICIOUS_MOVE = YES;
				CLANG_WARN_UNGUARDED_AVAILABILITY = YES_AGGRESSIVE;
				CLANG_WARN_UNREACHABLE_CODE = YES;
				CLANG_WARN__DUPLICATE_METHOD_MATCH = YES;
				COPY_PHASE_STRIP = NO;
				DEBUG_INFORMATION_FORMAT = "dwarf-with-dsym";
				ENABLE_NS_ASSERTIONS = NO;
				ENABLE_STRICT_OBJC_MSGSEND = YES;
				GCC_C_LANGUAGE_STANDARD = gnu11;
				GCC_NO_COMMON_BLOCKS = YES;
				GCC_WARN_64_TO_32_BIT_CONVERSION = YES;
				GCC_WARN_ABOUT_RETURN_TYPE = YES_ERROR;
				GCC_WARN_UNDECLARED_SELECTOR = YES;
				GCC_WARN_UNINITIALIZED_AUTOS = YES_AGGRESSIVE;
				GCC_WARN_UNUSED_FUNCTION = YES;
				GCC_WARN_UNUSED_VARIABLE = YES;
				IPHONEOS_DEPLOYMENT_TARGET = 16.1;
				MTL_ENABLE_DEBUG_INFO = NO;
				MTL_FAST_MATH = YES;
				SDKROOT = iphoneos;
				SWIFT_COMPILATION_MODE = wholemodule;
				SWIFT_OPTIMIZATION_LEVEL = "-O";
				VALIDATE_PRODUCT = YES;
			};
			name = Release;
		};
		DA402F05292FDA080066EB01 /* Debug */ = {
			isa = XCBuildConfiguration;
			buildSettings = {
				ASSETCATALOG_COMPILER_APPICON_NAME = AppIcon;
				ASSETCATALOG_COMPILER_GLOBAL_ACCENT_COLOR_NAME = AccentColor;
				CODE_SIGN_STYLE = Automatic;
				CURRENT_PROJECT_VERSION = 1;
				DEVELOPMENT_TEAM = MZ62Z7N7ZJ;
				GENERATE_INFOPLIST_FILE = YES;
				INFOPLIST_FILE = Instagram/Info.plist;
				INFOPLIST_KEY_UIApplicationSupportsIndirectInputEvents = YES;
				INFOPLIST_KEY_UILaunchStoryboardName = LaunchScreen;
				INFOPLIST_KEY_UIMainStoryboardFile = Main;
				INFOPLIST_KEY_UISupportedInterfaceOrientations_iPad = "UIInterfaceOrientationPortrait UIInterfaceOrientationPortraitUpsideDown UIInterfaceOrientationLandscapeLeft UIInterfaceOrientationLandscapeRight";
				INFOPLIST_KEY_UISupportedInterfaceOrientations_iPhone = "UIInterfaceOrientationPortrait UIInterfaceOrientationLandscapeLeft UIInterfaceOrientationLandscapeRight";
				LD_RUNPATH_SEARCH_PATHS = (
					"$(inherited)",
					"@executable_path/Frameworks",
				);
				MARKETING_VERSION = 1.0;
				PRODUCT_BUNDLE_IDENTIFIER = com.meliharik.Instagram;
				PRODUCT_NAME = "$(TARGET_NAME)";
				SWIFT_EMIT_LOC_STRINGS = YES;
				SWIFT_VERSION = 5.0;
				TARGETED_DEVICE_FAMILY = "1,2";
			};
			name = Debug;
		};
		DA402F06292FDA080066EB01 /* Release */ = {
			isa = XCBuildConfiguration;
			buildSettings = {
				ASSETCATALOG_COMPILER_APPICON_NAME = AppIcon;
				ASSETCATALOG_COMPILER_GLOBAL_ACCENT_COLOR_NAME = AccentColor;
				CODE_SIGN_STYLE = Automatic;
				CURRENT_PROJECT_VERSION = 1;
				DEVELOPMENT_TEAM = MZ62Z7N7ZJ;
				GENERATE_INFOPLIST_FILE = YES;
				INFOPLIST_FILE = Instagram/Info.plist;
				INFOPLIST_KEY_UIApplicationSupportsIndirectInputEvents = YES;
				INFOPLIST_KEY_UILaunchStoryboardName = LaunchScreen;
				INFOPLIST_KEY_UIMainStoryboardFile = Main;
				INFOPLIST_KEY_UISupportedInterfaceOrientations_iPad = "UIInterfaceOrientationPortrait UIInterfaceOrientationPortraitUpsideDown UIInterfaceOrientationLandscapeLeft UIInterfaceOrientationLandscapeRight";
				INFOPLIST_KEY_UISupportedInterfaceOrientations_iPhone = "UIInterfaceOrientationPortrait UIInterfaceOrientationLandscapeLeft UIInterfaceOrientationLandscapeRight";
				LD_RUNPATH_SEARCH_PATHS = (
					"$(inherited)",
					"@executable_path/Frameworks",
				);
				MARKETING_VERSION = 1.0;
				PRODUCT_BUNDLE_IDENTIFIER = com.meliharik.Instagram;
				PRODUCT_NAME = "$(TARGET_NAME)";
				SWIFT_EMIT_LOC_STRINGS = YES;
				SWIFT_VERSION = 5.0;
				TARGETED_DEVICE_FAMILY = "1,2";
			};
			name = Release;
		};
/* End XCBuildConfiguration section */

/* Begin XCConfigurationList section */
		DA402EEB292FDA080066EB01 /* Build configuration list for PBXProject "Instagram" */ = {
			isa = XCConfigurationList;
			buildConfigurations = (
				DA402F02292FDA080066EB01 /* Debug */,
				DA402F03292FDA080066EB01 /* Release */,
			);
			defaultConfigurationIsVisible = 0;
			defaultConfigurationName = Release;
		};
		DA402F04292FDA080066EB01 /* Build configuration list for PBXNativeTarget "Instagram" */ = {
			isa = XCConfigurationList;
			buildConfigurations = (
				DA402F05292FDA080066EB01 /* Debug */,
				DA402F06292FDA080066EB01 /* Release */,
			);
			defaultConfigurationIsVisible = 0;
			defaultConfigurationName = Release;
		};
/* End XCConfigurationList section */

/* Begin XCRemoteSwiftPackageReference section */
		DA402F27292FE3D50066EB01 /* XCRemoteSwiftPackageReference "firebase-ios-sdk" */ = {
			isa = XCRemoteSwiftPackageReference;
			repositoryURL = "https://github.com/firebase/firebase-ios-sdk";
			requirement = {
				branch = master;
				kind = branch;
			};
		};
/* End XCRemoteSwiftPackageReference section */

/* Begin XCSwiftPackageProductDependency section */
		DA402F28292FE3D50066EB01 /* FirebaseAuth */ = {
			isa = XCSwiftPackageProductDependency;
			package = DA402F27292FE3D50066EB01 /* XCRemoteSwiftPackageReference "firebase-ios-sdk" */;
			productName = FirebaseAuth;
		};
		DA402F2A292FE3D50066EB01 /* FirebaseAuthCombine-Community */ = {
			isa = XCSwiftPackageProductDependency;
			package = DA402F27292FE3D50066EB01 /* XCRemoteSwiftPackageReference "firebase-ios-sdk" */;
			productName = "FirebaseAuthCombine-Community";
		};
		DA402F2C292FE3D50066EB01 /* FirebaseCrashlytics */ = {
			isa = XCSwiftPackageProductDependency;
			package = DA402F27292FE3D50066EB01 /* XCRemoteSwiftPackageReference "firebase-ios-sdk" */;
			productName = FirebaseCrashlytics;
		};
		DA402F2E292FE3D50066EB01 /* FirebaseDatabase */ = {
			isa = XCSwiftPackageProductDependency;
			package = DA402F27292FE3D50066EB01 /* XCRemoteSwiftPackageReference "firebase-ios-sdk" */;
			productName = FirebaseDatabase;
		};
		DA402F30292FE3D50066EB01 /* FirebaseDatabaseSwift */ = {
			isa = XCSwiftPackageProductDependency;
			package = DA402F27292FE3D50066EB01 /* XCRemoteSwiftPackageReference "firebase-ios-sdk" */;
			productName = FirebaseDatabaseSwift;
		};
		DA402F32292FE3D50066EB01 /* FirebaseFirestore */ = {
			isa = XCSwiftPackageProductDependency;
			package = DA402F27292FE3D50066EB01 /* XCRemoteSwiftPackageReference "firebase-ios-sdk" */;
			productName = FirebaseFirestore;
		};
		DA402F34292FE3D50066EB01 /* FirebaseFirestoreCombine-Community */ = {
			isa = XCSwiftPackageProductDependency;
			package = DA402F27292FE3D50066EB01 /* XCRemoteSwiftPackageReference "firebase-ios-sdk" */;
			productName = "FirebaseFirestoreCombine-Community";
		};
		DA402F36292FE3D50066EB01 /* FirebaseFirestoreSwift */ = {
			isa = XCSwiftPackageProductDependency;
			package = DA402F27292FE3D50066EB01 /* XCRemoteSwiftPackageReference "firebase-ios-sdk" */;
			productName = FirebaseFirestoreSwift;
		};
		DA402F38292FE3D50066EB01 /* FirebaseFunctions */ = {
			isa = XCSwiftPackageProductDependency;
			package = DA402F27292FE3D50066EB01 /* XCRemoteSwiftPackageReference "firebase-ios-sdk" */;
			productName = FirebaseFunctions;
		};
		DA402F3A292FE3D50066EB01 /* FirebaseFunctionsCombine-Community */ = {
			isa = XCSwiftPackageProductDependency;
			package = DA402F27292FE3D50066EB01 /* XCRemoteSwiftPackageReference "firebase-ios-sdk" */;
			productName = "FirebaseFunctionsCombine-Community";
		};
		DA402F3C292FE3D50066EB01 /* FirebaseStorage */ = {
			isa = XCSwiftPackageProductDependency;
			package = DA402F27292FE3D50066EB01 /* XCRemoteSwiftPackageReference "firebase-ios-sdk" */;
			productName = FirebaseStorage;
		};
/* End XCSwiftPackageProductDependency section */
	};
	rootObject = DA402EE8292FDA080066EB01 /* Project object */;
}
